
Microsoft Visual Studio Solution File, Format Version 12.00
# Visual Studio Version 16
VisualStudioVersion = 16.0.30804.86
MinimumVisualStudioVersion = 10.0.40219.1
Project("{FAE04EC0-301F-11D3-BF4B-00C04F79EFBC}") = "searchTwoNumOfXSum", "searchTwoNumOfXSum\searchTwoNumOfXSum.csproj", "{E7B11457-CFF5-497E-AC73-F93E571F4041}"
EndProject
Global
	GlobalSection(SolutionConfigurationPlatforms) = preSolution
		Debug|Any CPU = Debug|Any CPU
		Release|Any CPU = Release|Any CPU
	EndGlobalSection
	GlobalSection(ProjectConfigurationPlatforms) = postSolution
		{E7B11457-CFF5-497E-AC73-F93E571F4041}.Debug|Any CPU.ActiveCfg = Debug|Any CPU
		{E7B11457-CFF5-497E-AC73-F93E571F4041}.Debug|Any CPU.Build.0 = Debug|Any CPU
		{E7B11457-CFF5-497E-AC73-F93E571F4041}.Release|Any CPU.ActiveCfg = Release|Any CPU
		{E7B11457-CFF5-497E-AC73-F93E571F4041}.Release|Any CPU.Build.0 = Release|Any CPU
	EndGlobalSection
	GlobalSection(SolutionProperties) = preSolution
		HideSolutionNode = FALSE
	EndGlobalSection
	GlobalSection(ExtensibilityGlobals) = postSolution
		SolutionGuid = {5469F108-D835-494C-A6A1-D19CDB33B633}
	EndGlobalSection
EndGlobal
